
Microsoft Visual Studio Solution File, Format Version 12.00
# Visual Studio Version 16
VisualStudioVersion = 16.0.30021.99
MinimumVisualStudioVersion = 10.0.40219.1
Project("{FAE04EC0-301F-11D3-BF4B-00C04F79EFBC}") = "PhysicalDataService", "PhysicalDataService\PhysicalDataService.csproj", "{3B196811-0357-4D38-91A7-2DAEFA88DEF8}"
EndProject
Global
	GlobalSection(SolutionConfigurationPlatforms) = preSolution
		Debug|Any CPU = Debug|Any CPU
		Release|Any CPU = Release|Any CPU
	EndGlobalSection
	GlobalSection(ProjectConfigurationPlatforms) = postSolution
		{3B196811-0357-4D38-91A7-2DAEFA88DEF8}.Debug|Any CPU.ActiveCfg = Debug|Any CPU
		{3B196811-0357-4D38-91A7-2DAEFA88DEF8}.Debug|Any CPU.Build.0 = Debug|Any CPU
		{3B196811-0357-4D38-91A7-2DAEFA88DEF8}.Release|Any CPU.ActiveCfg = Release|Any CPU
		{3B196811-0357-4D38-91A7-2DAEFA88DEF8}.Release|Any CPU.Build.0 = Release|Any CPU
	EndGlobalSection
	GlobalSection(SolutionProperties) = preSolution
		HideSolutionNode = FALSE
	EndGlobalSection
	GlobalSection(ExtensibilityGlobals) = postSolution
		SolutionGuid = {4B6CA6BF-64A0-4771-AEF6-359A16693AA2}
	EndGlobalSection
EndGlobal
